
Microsoft Visual Studio Solution File, Format Version 12.00
# Visual Studio Version 16
VisualStudioVersion = 16.0.29201.188
MinimumVisualStudioVersion = 10.0.40219.1
Project("{FAE04EC0-301F-11D3-BF4B-00C04F79EFBC}") = "Part3_Assignment", "Part3_Assignment\Part3_Assignment.csproj", "{18128029-847B-4A8B-B89C-AF0EFEF92A6A}"
EndProject
Global
	GlobalSection(SolutionConfigurationPlatforms) = preSolution
		Debug|Any CPU = Debug|Any CPU
		Release|Any CPU = Release|Any CPU
	EndGlobalSection
	GlobalSection(ProjectConfigurationPlatforms) = postSolution
		{18128029-847B-4A8B-B89C-AF0EFEF92A6A}.Debug|Any CPU.ActiveCfg = Debug|Any CPU
		{18128029-847B-4A8B-B89C-AF0EFEF92A6A}.Debug|Any CPU.Build.0 = Debug|Any CPU
		{18128029-847B-4A8B-B89C-AF0EFEF92A6A}.Release|Any CPU.ActiveCfg = Release|Any CPU
		{18128029-847B-4A8B-B89C-AF0EFEF92A6A}.Release|Any CPU.Build.0 = Release|Any CPU
	EndGlobalSection
	GlobalSection(SolutionProperties) = preSolution
		HideSolutionNode = FALSE
	EndGlobalSection
	GlobalSection(ExtensibilityGlobals) = postSolution
		SolutionGuid = {E73816BD-3A77-45BB-9EF2-D07B6BE05395}
	EndGlobalSection
EndGlobal
